
Microsoft Visual Studio Solution File, Format Version 12.00
# Visual Studio Version 17
VisualStudioVersion = 17.7.34009.444
MinimumVisualStudioVersion = 10.0.40219.1
Project("{9A19103F-16F7-4668-BE54-9A1E7A4F7556}") = "UI", "UI\UI.csproj", "{AAB052E8-939A-48EB-B53E-79452076CAC9}"
EndProject
Project("{FAE04EC0-301F-11D3-BF4B-00C04F79EFBC}") = "BLL", "BLL\BLL.csproj", "{38AAFC90-6AFF-47A3-A201-AB6660AFFAC2}"
EndProject
Project("{FAE04EC0-301F-11D3-BF4B-00C04F79EFBC}") = "DAL", "DAL2\DAL.csproj", "{BCDEA966-4241-4FB5-9336-57B0B089E230}"
EndProject
Global
	GlobalSection(SolutionConfigurationPlatforms) = preSolution
		Debug|Any CPU = Debug|Any CPU
		Release|Any CPU = Release|Any CPU
	EndGlobalSection
	GlobalSection(ProjectConfigurationPlatforms) = postSolution
		{AAB052E8-939A-48EB-B53E-79452076CAC9}.Debug|Any CPU.ActiveCfg = Debug|Any CPU
		{AAB052E8-939A-48EB-B53E-79452076CAC9}.Debug|Any CPU.Build.0 = Debug|Any CPU
		{AAB052E8-939A-48EB-B53E-79452076CAC9}.Release|Any CPU.ActiveCfg = Release|Any CPU
		{AAB052E8-939A-48EB-B53E-79452076CAC9}.Release|Any CPU.Build.0 = Release|Any CPU
		{38AAFC90-6AFF-47A3-A201-AB6660AFFAC2}.Debug|Any CPU.ActiveCfg = Debug|Any CPU
		{38AAFC90-6AFF-47A3-A201-AB6660AFFAC2}.Debug|Any CPU.Build.0 = Debug|Any CPU
		{38AAFC90-6AFF-47A3-A201-AB6660AFFAC2}.Release|Any CPU.ActiveCfg = Release|Any CPU
		{38AAFC90-6AFF-47A3-A201-AB6660AFFAC2}.Release|Any CPU.Build.0 = Release|Any CPU
		{BCDEA966-4241-4FB5-9336-57B0B089E230}.Debug|Any CPU.ActiveCfg = Debug|Any CPU
		{BCDEA966-4241-4FB5-9336-57B0B089E230}.Debug|Any CPU.Build.0 = Debug|Any CPU
		{BCDEA966-4241-4FB5-9336-57B0B089E230}.Release|Any CPU.ActiveCfg = Release|Any CPU
		{BCDEA966-4241-4FB5-9336-57B0B089E230}.Release|Any CPU.Build.0 = Release|Any CPU
	EndGlobalSection
	GlobalSection(SolutionProperties) = preSolution
		HideSolutionNode = FALSE
	EndGlobalSection
	GlobalSection(ExtensibilityGlobals) = postSolution
		SolutionGuid = {2B15043A-D910-4BC8-97D4-F124EF266AC6}
	EndGlobalSection
EndGlobal
